PODS:
  - AFNetworking (2.6.3):
    - AFNetworking/NSURLConnection (= 2.6.3)
    - AFNetworking/NSURLSession (= 2.6.3)
    - AFNetworking/Reachability (= 2.6.3)
    - AFNetworking/Security (= 2.6.3)
    - AFNetworking/Serialization (= 2.6.3)
    - AFNetworking/UIKit (= 2.6.3)
  - AFNetworking/NSURLConnection (2.6.3):
    - AFNetworking/Reachability
    - AFNetworking/Security
    - AFNetworking/Serialization
  - AFNetworking/NSURLSession (2.6.3):
    - AFNetworking/Reachability
    - AFNetworking/Security
    - AFNetworking/Serialization
  - AFNetworking/Reachability (2.6.3)
  - AFNetworking/Security (2.6.3)
  - AFNetworking/Serialization (2.6.3)
  - AFNetworking/UIKit (2.6.3):
    - AFNetworking/NSURLConnection
    - AFNetworking/NSURLSession
  - InstagramSimpleOAuth (0.3.1):
    - MBProgressHUD (~> 0.9)
    - SimpleOAuth2 (= 0.0.3)
  - MBProgressHUD (0.9.2)
  - SDWebImage (3.7.5):
    - SDWebImage/Core (= 3.7.5)
  - SDWebImage/Core (3.7.5)
  - SimpleOAuth2 (0.0.3):
    - AFNetworking (~> 2.0)
  - SVProgressHUD (2.0.3)
  - SVPullToRefresh (0.4.1)

DEPENDENCIES:
  - InstagramSimpleOAuth
  - SDWebImage (~> 3.7)
  - SVProgressHUD
  - SVPullToRefresh

SPEC CHECKSUMS:
  AFNetworking: cb8d14a848e831097108418f5d49217339d4eb60
  InstagramSimpleOAuth: 261df4c8c0e1ff43749c22bf0c6e8b1cdb3eda3d
  MBProgressHUD: 1569cf7ace17a8bac47aabfbb8580a49690386d1
  SDWebImage: 69c6303e3348fba97e03f65d65d4fbc26740f461
  SimpleOAuth2: 650ae997858c9d2f97773fc55c76e534ac3747da
  SVProgressHUD: b0830714205bea1317ea1a2ebc71e5633af334d4
  SVPullToRefresh: ba2e718695a43253d8bea6852d2960097dc15d8c

COCOAPODS: 0.39.0
